// !$*UTF8*$!
{
	archiveVersion = 1;
	classes = {
	};
	objectVersion = 50;
	objects = {

/* Begin PBXBuildFile section */
		1B3ADCEA242078860036618F /* employee.json in Resources */ = {isa = PBXBuildFile; fileRef = 1B3ADCE7242078850036618F /* employee.json */; };
		1B3ADCEB242078860036618F /* department.json in Resources */ = {isa = PBXBuildFile; fileRef = 1B3ADCE8242078860036618F /* department.json */; };
		1B3ADCEC242078860036618F /* RawData.swift in Sources */ = {isa = PBXBuildFile; fileRef = 1B3ADCE9242078860036618F /* RawData.swift */; };
		1B3ADCEF242078D00036618F /* BatchInsert.storyboard in Resources */ = {isa = PBXBuildFile; fileRef = 1B3ADCEE242078D00036618F /* BatchInsert.storyboard */; };
		1B3ADCF1242078E40036618F /* BatchInsertViewController.swift in Sources */ = {isa = PBXBuildFile; fileRef = 1B3ADCF0242078E40036618F /* BatchInsertViewController.swift */; };
		1B3ADCF324207A790036618F /* DataManager+BatchInsert.swift in Sources */ = {isa = PBXBuildFile; fileRef = 1B3ADCF224207A790036618F /* DataManager+BatchInsert.swift */; };
		1B3DF3502430856200E6F7E2 /* FetchedResultsController.storyboard in Resources */ = {isa = PBXBuildFile; fileRef = 1B3DF34F2430856200E6F7E2 /* FetchedResultsController.storyboard */; };
		1B3DF352243085D400E6F7E2 /* FetchedResultsControllerTableViewController.swift in Sources */ = {isa = PBXBuildFile; fileRef = 1B3DF351243085D400E6F7E2 /* FetchedResultsControllerTableViewController.swift */; };
		1B3DF35524319D8C00E6F7E2 /* Faulting.storyboard in Resources */ = {isa = PBXBuildFile; fileRef = 1B3DF35424319D8C00E6F7E2 /* Faulting.storyboard */; };
		1B3DF35724319D9F00E6F7E2 /* FaultingTableViewController.swift in Sources */ = {isa = PBXBuildFile; fileRef = 1B3DF35624319D9F00E6F7E2 /* FaultingTableViewController.swift */; };
		1B3DF35A2432ED9200E6F7E2 /* Blob.storyboard in Resources */ = {isa = PBXBuildFile; fileRef = 1B3DF3592432ED9200E6F7E2 /* Blob.storyboard */; };
		1B3DF35C2432EDDA00E6F7E2 /* BlobTableViewController.swift in Sources */ = {isa = PBXBuildFile; fileRef = 1B3DF35B2432EDDA00E6F7E2 /* BlobTableViewController.swift */; };
		1B3DF3632434490E00E6F7E2 /* Validation.storyboard in Resources */ = {isa = PBXBuildFile; fileRef = 1B3DF3622434490E00E6F7E2 /* Validation.storyboard */; };
		1B3DF3652434492D00E6F7E2 /* ValidationViewController.swift in Sources */ = {isa = PBXBuildFile; fileRef = 1B3DF3642434492D00E6F7E2 /* ValidationViewController.swift */; };
		1B3DF3682434872F00E6F7E2 /* Relationship.storyboard in Resources */ = {isa = PBXBuildFile; fileRef = 1B3DF3672434872F00E6F7E2 /* Relationship.storyboard */; };
		1B3DF36A2434876B00E6F7E2 /* RDepartmentListViewController.swift in Sources */ = {isa = PBXBuildFile; fileRef = 1B3DF3692434876B00E6F7E2 /* RDepartmentListViewController.swift */; };
		1B3DF36C2434884C00E6F7E2 /* REmployeeListViewController.swift in Sources */ = {isa = PBXBuildFile; fileRef = 1B3DF36B2434884C00E6F7E2 /* REmployeeListViewController.swift */; };
		1B3DF36E243488F000E6F7E2 /* DataManger+Department.swift in Sources */ = {isa = PBXBuildFile; fileRef = 1B3DF36D243488F000E6F7E2 /* DataManger+Department.swift */; };
		1B3DF3702434896E00E6F7E2 /* DataManager+Employee.swift in Sources */ = {isa = PBXBuildFile; fileRef = 1B3DF36F2434896E00E6F7E2 /* DataManager+Employee.swift */; };
		1B3DF37224348B9E00E6F7E2 /* RDepartmentComposerTableViewController.swift in Sources */ = {isa = PBXBuildFile; fileRef = 1B3DF37124348B9E00E6F7E2 /* RDepartmentComposerTableViewController.swift */; };
		1B3DF375243499B600E6F7E2 /* EmployeeEntity+CoreDataClass.swift in Sources */ = {isa = PBXBuildFile; fileRef = 1B3DF373243499B600E6F7E2 /* EmployeeEntity+CoreDataClass.swift */; };
		1B3DF376243499B600E6F7E2 /* EmployeeEntity+CoreDataProperties.swift in Sources */ = {isa = PBXBuildFile; fileRef = 1B3DF374243499B600E6F7E2 /* EmployeeEntity+CoreDataProperties.swift */; };
		1B3DF379243592E200E6F7E2 /* BatchProcessing.storyboard in Resources */ = {isa = PBXBuildFile; fileRef = 1B3DF378243592E200E6F7E2 /* BatchProcessing.storyboard */; };
		1B3DF37B243592FF00E6F7E2 /* BatchProcessingTableViewController.swift in Sources */ = {isa = PBXBuildFile; fileRef = 1B3DF37A243592FF00E6F7E2 /* BatchProcessingTableViewController.swift */; };
		1B3DF37D2435931000E6F7E2 /* DataManager+BatchProcessing.swift in Sources */ = {isa = PBXBuildFile; fileRef = 1B3DF37C2435931000E6F7E2 /* DataManager+BatchProcessing.swift */; };
		1B3DF3802437111D00E6F7E2 /* Concurrency.storyboard in Resources */ = {isa = PBXBuildFile; fileRef = 1B3DF37F2437111D00E6F7E2 /* Concurrency.storyboard */; };
		1B3DF3822437114A00E6F7E2 /* ConcurrencyTopicListTableViewController.swift in Sources */ = {isa = PBXBuildFile; fileRef = 1B3DF3812437114A00E6F7E2 /* ConcurrencyTopicListTableViewController.swift */; };
		1B3DF38424371DAB00E6F7E2 /* DataManager+Concurrency.swift in Sources */ = {isa = PBXBuildFile; fileRef = 1B3DF38324371DAB00E6F7E2 /* DataManager+Concurrency.swift */; };
		1B3DF38624371F4000E6F7E2 /* BackgroundTaskTableViewController.swift in Sources */ = {isa = PBXBuildFile; fileRef = 1B3DF38524371F4000E6F7E2 /* BackgroundTaskTableViewController.swift */; };
		1B3DF3882437220A00E6F7E2 /* BackgroundContextTableViewController.swift in Sources */ = {isa = PBXBuildFile; fileRef = 1B3DF3872437220A00E6F7E2 /* BackgroundContextTableViewController.swift */; };
		1B3DF38A2437271A00E6F7E2 /* ChildContextTableViewController.swift in Sources */ = {isa = PBXBuildFile; fileRef = 1B3DF3892437271A00E6F7E2 /* ChildContextTableViewController.swift */; };
		1B55996D242B029E001A9137 /* Predicate.storyboard in Resources */ = {isa = PBXBuildFile; fileRef = 1B55996C242B029E001A9137 /* Predicate.storyboard */; };
		1B55996F242B02B0001A9137 /* PredicateViewController.swift in Sources */ = {isa = PBXBuildFile; fileRef = 1B55996E242B02B0001A9137 /* PredicateViewController.swift */; };
		1B90076E2428D72C00F63307 /* PagingViewController.swift in Sources */ = {isa = PBXBuildFile; fileRef = 1B90076D2428D72C00F63307 /* PagingViewController.swift */; };
		1B9007702428D9BD00F63307 /* BatchSizeTableViewController.swift in Sources */ = {isa = PBXBuildFile; fileRef = 1B90076F2428D9BD00F63307 /* BatchSizeTableViewController.swift */; };
		1B9007722429B54000F63307 /* StoredFetchRequestTableViewController.swift in Sources */ = {isa = PBXBuildFile; fileRef = 1B9007712429B54000F63307 /* StoredFetchRequestTableViewController.swift */; };
		1B9007742429B80D00F63307 /* FetchedPropertyTableViewController.swift in Sources */ = {isa = PBXBuildFile; fileRef = 1B9007732429B80D00F63307 /* FetchedPropertyTableViewController.swift */; };
		1B900776242A04B400F63307 /* AsyncFetchingTableViewController.swift in Sources */ = {isa = PBXBuildFile; fileRef = 1B900775242A04B400F63307 /* AsyncFetchingTableViewController.swift */; };
		1B9C20102424A03900A09FD8 /* FetchRequest.storyboard in Resources */ = {isa = PBXBuildFile; fileRef = 1B9C200F2424A03900A09FD8 /* FetchRequest.storyboard */; };
		1B9C20122424A13400A09FD8 /* FetchAllViewController.swift in Sources */ = {isa = PBXBuildFile; fileRef = 1B9C20112424A13400A09FD8 /* FetchAllViewController.swift */; };
		1B9C20142424A7FA00A09FD8 /* SortTableViewController.swift in Sources */ = {isa = PBXBuildFile; fileRef = 1B9C20132424A7FA00A09FD8 /* SortTableViewController.swift */; };
		1B9C20162424C24B00A09FD8 /* ResultTypesViewController.swift in Sources */ = {isa = PBXBuildFile; fileRef = 1B9C20152424C24B00A09FD8 /* ResultTypesViewController.swift */; };
		1BA5DA87241CE2C700065C42 /* AppDelegate.swift in Sources */ = {isa = PBXBuildFile; fileRef = 1BA5DA86241CE2C700065C42 /* AppDelegate.swift */; };
		1BA5DA89241CE2C700065C42 /* SceneDelegate.swift in Sources */ = {isa = PBXBuildFile; fileRef = 1BA5DA88241CE2C700065C42 /* SceneDelegate.swift */; };
		1BA5DA8B241CE2C700065C42 /* ViewController.swift in Sources */ = {isa = PBXBuildFile; fileRef = 1BA5DA8A241CE2C700065C42 /* ViewController.swift */; };
		1BA5DA8E241CE2C700065C42 /* Main.storyboard in Resources */ = {isa = PBXBuildFile; fileRef = 1BA5DA8C241CE2C700065C42 /* Main.storyboard */; };
		1BA5DA91241CE2C700065C42 /* CoreDataStudy.xcdatamodeld in Sources */ = {isa = PBXBuildFile; fileRef = 1BA5DA8F241CE2C700065C42 /* CoreDataStudy.xcdatamodeld */; };
		1BA5DA93241CE2C900065C42 /* Assets.xcassets in Resources */ = {isa = PBXBuildFile; fileRef = 1BA5DA92241CE2C900065C42 /* Assets.xcassets */; };
		1BA5DA96241CE2C900065C42 /* LaunchScreen.storyboard in Resources */ = {isa = PBXBuildFile; fileRef = 1BA5DA94241CE2C900065C42 /* LaunchScreen.storyboard */; };
		1BA5DAA6241CF8DF00065C42 /* DataManager.swift in Sources */ = {isa = PBXBuildFile; fileRef = 1BA5DAA5241CF8DF00065C42 /* DataManager.swift */; };
		1BA5DAA9241CFA7700065C42 /* Sample.xcdatamodeld in Sources */ = {isa = PBXBuildFile; fileRef = 1BA5DAA7241CFA7700065C42 /* Sample.xcdatamodeld */; };
		1BCBC8A7242DAE70000E3D84 /* Expression.storyboard in Resources */ = {isa = PBXBuildFile; fileRef = 1BCBC8A6242DAE70000E3D84 /* Expression.storyboard */; };
		1BCBC8A9242DAF09000E3D84 /* ExpressionViewController.swift in Sources */ = {isa = PBXBuildFile; fileRef = 1BCBC8A8242DAF09000E3D84 /* ExpressionViewController.swift */; };
		1BF83AFD241DF37000E9401F /* ManagedObject.storyboard in Resources */ = {isa = PBXBuildFile; fileRef = 1BF83AFC241DF37000E9401F /* ManagedObject.storyboard */; };
		1BF83AFF241DF62000E9401F /* ManagedObjectViewController.swift in Sources */ = {isa = PBXBuildFile; fileRef = 1BF83AFE241DF62000E9401F /* ManagedObjectViewController.swift */; };
		1BF83B01241DF7FC00E9401F /* PersonComposeViewController.swift in Sources */ = {isa = PBXBuildFile; fileRef = 1BF83B00241DF7FC00E9401F /* PersonComposeViewController.swift */; };
		1BF83B03241DFA7000E9401F /* DataManager+Person.swift in Sources */ = {isa = PBXBuildFile; fileRef = 1BF83B02241DFA7000E9401F /* DataManager+Person.swift */; };
		1BF83B06241DFB8B00E9401F /* PersonEntity+CoreDataClass.swift in Sources */ = {isa = PBXBuildFile; fileRef = 1BF83B04241DFB8B00E9401F /* PersonEntity+CoreDataClass.swift */; };
/* End PBXBuildFile section */

/* Begin PBXFileReference section */
		1B3ADCE7242078850036618F /* employee.json */ = {isa = PBXFileReference; fileEncoding = 4; lastKnownFileType = text.json; path = employee.json; sourceTree = "<group>"; };
		1B3ADCE8242078860036618F /* department.json */ = {isa = PBXFileReference; fileEncoding = 4; lastKnownFileType = text.json; path = department.json; sourceTree = "<group>"; };
		1B3ADCE9242078860036618F /* RawData.swift */ = {isa = PBXFileReference; fileEncoding = 4; lastKnownFileType = sourcecode.swift; path = RawData.swift; sourceTree = "<group>"; };
		1B3ADCEE242078D00036618F /* BatchInsert.storyboard */ = {isa = PBXFileReference; lastKnownFileType = file.storyboard; path = BatchInsert.storyboard; sourceTree = "<group>"; };
		1B3ADCF0242078E40036618F /* BatchInsertViewController.swift */ = {isa = PBXFileReference; lastKnownFileType = sourcecode.swift; path = BatchInsertViewController.swift; sourceTree = "<group>"; };
		1B3ADCF224207A790036618F /* DataManager+BatchInsert.swift */ = {isa = PBXFileReference; lastKnownFileType = sourcecode.swift; path = "DataManager+BatchInsert.swift"; sourceTree = "<group>"; };
		1B3DF34F2430856200E6F7E2 /* FetchedResultsController.storyboard */ = {isa = PBXFileReference; lastKnownFileType = file.storyboard; path = FetchedResultsController.storyboard; sourceTree = "<group>"; };
		1B3DF351243085D400E6F7E2 /* FetchedResultsControllerTableViewController.swift */ = {isa = PBXFileReference; lastKnownFileType = sourcecode.swift; path = FetchedResultsControllerTableViewController.swift; sourceTree = "<group>"; };
		1B3DF35424319D8C00E6F7E2 /* Faulting.storyboard */ = {isa = PBXFileReference; lastKnownFileType = file.storyboard; path = Faulting.storyboard; sourceTree = "<group>"; };
		1B3DF35624319D9F00E6F7E2 /* FaultingTableViewController.swift */ = {isa = PBXFileReference; lastKnownFileType = sourcecode.swift; path = FaultingTableViewController.swift; sourceTree = "<group>"; };
		1B3DF3592432ED9200E6F7E2 /* Blob.storyboard */ = {isa = PBXFileReference; lastKnownFileType = file.storyboard; path = Blob.storyboard; sourceTree = "<group>"; };
		1B3DF35B2432EDDA00E6F7E2 /* BlobTableViewController.swift */ = {isa = PBXFileReference; lastKnownFileType = sourcecode.swift; path = BlobTableViewController.swift; sourceTree = "<group>"; };
		1B3DF3622434490E00E6F7E2 /* Validation.storyboard */ = {isa = PBXFileReference; lastKnownFileType = file.storyboard; path = Validation.storyboard; sourceTree = "<group>"; };
		1B3DF3642434492D00E6F7E2 /* ValidationViewController.swift */ = {isa = PBXFileReference; lastKnownFileType = sourcecode.swift; path = ValidationViewController.swift; sourceTree = "<group>"; };
		1B3DF3672434872F00E6F7E2 /* Relationship.storyboard */ = {isa = PBXFileReference; lastKnownFileType = file.storyboard; path = Relationship.storyboard; sourceTree = "<group>"; };
		1B3DF3692434876B00E6F7E2 /* RDepartmentListViewController.swift */ = {isa = PBXFileReference; lastKnownFileType = sourcecode.swift; path = RDepartmentListViewController.swift; sourceTree = "<group>"; };
		1B3DF36B2434884C00E6F7E2 /* REmployeeListViewController.swift */ = {isa = PBXFileReference; lastKnownFileType = sourcecode.swift; path = REmployeeListViewController.swift; sourceTree = "<group>"; };
		1B3DF36D243488F000E6F7E2 /* DataManger+Department.swift */ = {isa = PBXFileReference; lastKnownFileType = sourcecode.swift; path = "DataManger+Department.swift"; sourceTree = "<group>"; };
		1B3DF36F2434896E00E6F7E2 /* DataManager+Employee.swift */ = {isa = PBXFileReference; lastKnownFileType = sourcecode.swift; path = "DataManager+Employee.swift"; sourceTree = "<group>"; };
		1B3DF37124348B9E00E6F7E2 /* RDepartmentComposerTableViewController.swift */ = {isa = PBXFileReference; lastKnownFileType = sourcecode.swift; path = RDepartmentComposerTableViewController.swift; sourceTree = "<group>"; };
		1B3DF373243499B600E6F7E2 /* EmployeeEntity+CoreDataClass.swift */ = {isa = PBXFileReference; lastKnownFileType = sourcecode.swift; path = "EmployeeEntity+CoreDataClass.swift"; sourceTree = SOURCE_ROOT; };
		1B3DF374243499B600E6F7E2 /* EmployeeEntity+CoreDataProperties.swift */ = {isa = PBXFileReference; lastKnownFileType = sourcecode.swift; path = "EmployeeEntity+CoreDataProperties.swift"; sourceTree = SOURCE_ROOT; };
		1B3DF378243592E200E6F7E2 /* BatchProcessing.storyboard */ = {isa = PBXFileReference; lastKnownFileType = file.storyboard; path = BatchProcessing.storyboard; sourceTree = "<group>"; };
		1B3DF37A243592FF00E6F7E2 /* BatchProcessingTableViewController.swift */ = {isa = PBXFileReference; lastKnownFileType = sourcecode.swift; path = BatchProcessingTableViewController.swift; sourceTree = "<group>"; };
		1B3DF37C2435931000E6F7E2 /* DataManager+BatchProcessing.swift */ = {isa = PBXFileReference; lastKnownFileType = sourcecode.swift; path = "DataManager+BatchProcessing.swift"; sourceTree = "<group>"; };
		1B3DF37F2437111D00E6F7E2 /* Concurrency.storyboard */ = {isa = PBXFileReference; lastKnownFileType = file.storyboard; path = Concurrency.storyboard; sourceTree = "<group>"; };
		1B3DF3812437114A00E6F7E2 /* ConcurrencyTopicListTableViewController.swift */ = {isa = PBXFileReference; lastKnownFileType = sourcecode.swift; path = ConcurrencyTopicListTableViewController.swift; sourceTree = "<group>"; };
		1B3DF38324371DAB00E6F7E2 /* DataManager+Concurrency.swift */ = {isa = PBXFileReference; lastKnownFileType = sourcecode.swift; path = "DataManager+Concurrency.swift"; sourceTree = "<group>"; };
		1B3DF38524371F4000E6F7E2 /* BackgroundTaskTableViewController.swift */ = {isa = PBXFileReference; lastKnownFileType = sourcecode.swift; path = BackgroundTaskTableViewController.swift; sourceTree = "<group>"; };
		1B3DF3872437220A00E6F7E2 /* BackgroundContextTableViewController.swift */ = {isa = PBXFileReference; lastKnownFileType = sourcecode.swift; path = BackgroundContextTableViewController.swift; sourceTree = "<group>"; };
		1B3DF3892437271A00E6F7E2 /* ChildContextTableViewController.swift */ = {isa = PBXFileReference; lastKnownFileType = sourcecode.swift; path = ChildContextTableViewController.swift; sourceTree = "<group>"; };
		1B55996C242B029E001A9137 /* Predicate.storyboard */ = {isa = PBXFileReference; lastKnownFileType = file.storyboard; path = Predicate.storyboard; sourceTree = "<group>"; };
		1B55996E242B02B0001A9137 /* PredicateViewController.swift */ = {isa = PBXFileReference; lastKnownFileType = sourcecode.swift; path = PredicateViewController.swift; sourceTree = "<group>"; };
		1B90076D2428D72C00F63307 /* PagingViewController.swift */ = {isa = PBXFileReference; lastKnownFileType = sourcecode.swift; path = PagingViewController.swift; sourceTree = "<group>"; };
		1B90076F2428D9BD00F63307 /* BatchSizeTableViewController.swift */ = {isa = PBXFileReference; lastKnownFileType = sourcecode.swift; path = BatchSizeTableViewController.swift; sourceTree = "<group>"; };
		1B9007712429B54000F63307 /* StoredFetchRequestTableViewController.swift */ = {isa = PBXFileReference; lastKnownFileType = sourcecode.swift; path = StoredFetchRequestTableViewController.swift; sourceTree = "<group>"; };
		1B9007732429B80D00F63307 /* FetchedPropertyTableViewController.swift */ = {isa = PBXFileReference; lastKnownFileType = sourcecode.swift; path = FetchedPropertyTableViewController.swift; sourceTree = "<group>"; };
		1B900775242A04B400F63307 /* AsyncFetchingTableViewController.swift */ = {isa = PBXFileReference; lastKnownFileType = sourcecode.swift; path = AsyncFetchingTableViewController.swift; sourceTree = "<group>"; };
		1B9C200F2424A03900A09FD8 /* FetchRequest.storyboard */ = {isa = PBXFileReference; lastKnownFileType = file.storyboard; path = FetchRequest.storyboard; sourceTree = "<group>"; };
		1B9C20112424A13400A09FD8 /* FetchAllViewController.swift */ = {isa = PBXFileReference; lastKnownFileType = sourcecode.swift; path = FetchAllViewController.swift; sourceTree = "<group>"; };
		1B9C20132424A7FA00A09FD8 /* SortTableViewController.swift */ = {isa = PBXFileReference; lastKnownFileType = sourcecode.swift; path = SortTableViewController.swift; sourceTree = "<group>"; };
		1B9C20152424C24B00A09FD8 /* ResultTypesViewController.swift */ = {isa = PBXFileReference; lastKnownFileType = sourcecode.swift; path = ResultTypesViewController.swift; sourceTree = "<group>"; };
		1BA5DA83241CE2C700065C42 /* CoreDataStudy.app */ = {isa = PBXFileReference; explicitFileType = wrapper.application; includeInIndex = 0; path = CoreDataStudy.app; sourceTree = BUILT_PRODUCTS_DIR; };
		1BA5DA86241CE2C700065C42 /* AppDelegate.swift */ = {isa = PBXFileReference; lastKnownFileType = sourcecode.swift; path = AppDelegate.swift; sourceTree = "<group>"; };
		1BA5DA88241CE2C700065C42 /* SceneDelegate.swift */ = {isa = PBXFileReference; lastKnownFileType = sourcecode.swift; path = SceneDelegate.swift; sourceTree = "<group>"; };
		1BA5DA8A241CE2C700065C42 /* ViewController.swift */ = {isa = PBXFileReference; lastKnownFileType = sourcecode.swift; path = ViewController.swift; sourceTree = "<group>"; };
		1BA5DA8D241CE2C700065C42 /* Base */ = {isa = PBXFileReference; lastKnownFileType = file.storyboard; name = Base; path = Base.lproj/Main.storyboard; sourceTree = "<group>"; };
		1BA5DA90241CE2C700065C42 /* CoreDataStudy.xcdatamodel */ = {isa = PBXFileReference; lastKnownFileType = wrapper.xcdatamodel; path = CoreDataStudy.xcdatamodel; sourceTree = "<group>"; };
		1BA5DA92241CE2C900065C42 /* Assets.xcassets */ = {isa = PBXFileReference; lastKnownFileType = folder.assetcatalog; path = Assets.xcassets; sourceTree = "<group>"; };
		1BA5DA95241CE2C900065C42 /* Base */ = {isa = PBXFileReference; lastKnownFileType = file.storyboard; name = Base; path = Base.lproj/LaunchScreen.storyboard; sourceTree = "<group>"; };
		1BA5DA97241CE2C900065C42 /* Info.plist */ = {isa = PBXFileReference; lastKnownFileType = text.plist.xml; path = Info.plist; sourceTree = "<group>"; };
		1BA5DAA5241CF8DF00065C42 /* DataManager.swift */ = {isa = PBXFileReference; lastKnownFileType = sourcecode.swift; path = DataManager.swift; sourceTree = "<group>"; };
		1BA5DAA8241CFA7700065C42 /* Sample.xcdatamodel */ = {isa = PBXFileReference; lastKnownFileType = wrapper.xcdatamodel; path = Sample.xcdatamodel; sourceTree = "<group>"; };
		1BCBC8A6242DAE70000E3D84 /* Expression.storyboard */ = {isa = PBXFileReference; lastKnownFileType = file.storyboard; path = Expression.storyboard; sourceTree = "<group>"; };
		1BCBC8A8242DAF09000E3D84 /* ExpressionViewController.swift */ = {isa = PBXFileReference; lastKnownFileType = sourcecode.swift; path = ExpressionViewController.swift; sourceTree = "<group>"; };
		1BF83AFC241DF37000E9401F /* ManagedObject.storyboard */ = {isa = PBXFileReference; lastKnownFileType = file.storyboard; path = ManagedObject.storyboard; sourceTree = "<group>"; };
		1BF83AFE241DF62000E9401F /* ManagedObjectViewController.swift */ = {isa = PBXFileReference; lastKnownFileType = sourcecode.swift; path = ManagedObjectViewController.swift; sourceTree = "<group>"; };
		1BF83B00241DF7FC00E9401F /* PersonComposeViewController.swift */ = {isa = PBXFileReference; lastKnownFileType = sourcecode.swift; path = PersonComposeViewController.swift; sourceTree = "<group>"; };
		1BF83B02241DFA7000E9401F /* DataManager+Person.swift */ = {isa = PBXFileReference; lastKnownFileType = sourcecode.swift; path = "DataManager+Person.swift"; sourceTree = "<group>"; };
		1BF83B04241DFB8B00E9401F /* PersonEntity+CoreDataClass.swift */ = {isa = PBXFileReference; lastKnownFileType = sourcecode.swift; path = "PersonEntity+CoreDataClass.swift"; sourceTree = SOURCE_ROOT; };
/* End PBXFileReference section */

/* Begin PBXFrameworksBuildPhase section */
		1BA5DA80241CE2C700065C42 /* Frameworks */ = {
			isa = PBXFrameworksBuildPhase;
			buildActionMask = 2147483647;
			files = (
			);
			runOnlyForDeploymentPostprocessing = 0;
		};
/* End PBXFrameworksBuildPhase section */

/* Begin PBXGroup section */
		1B3ADCE6242078690036618F /* RawData */ = {
			isa = PBXGroup;
			children = (
				1B3ADCE8242078860036618F /* department.json */,
				1B3ADCE7242078850036618F /* employee.json */,
				1B3ADCE9242078860036618F /* RawData.swift */,
			);
			path = RawData;
			sourceTree = "<group>";
		};
		1B3ADCED2420788F0036618F /* BatchInsert */ = {
			isa = PBXGroup;
			children = (
				1B3ADCEE242078D00036618F /* BatchInsert.storyboard */,
				1B3ADCF0242078E40036618F /* BatchInsertViewController.swift */,
				1B3ADCF224207A790036618F /* DataManager+BatchInsert.swift */,
			);
			path = BatchInsert;
			sourceTree = "<group>";
		};
		1B3DF34E2430821500E6F7E2 /* FetchedResultsController */ = {
			isa = PBXGroup;
			children = (
				1B3DF34F2430856200E6F7E2 /* FetchedResultsController.storyboard */,
				1B3DF351243085D400E6F7E2 /* FetchedResultsControllerTableViewController.swift */,
			);
			path = FetchedResultsController;
			sourceTree = "<group>";
		};
		1B3DF35324319D7E00E6F7E2 /* Faulting */ = {
			isa = PBXGroup;
			children = (
				1B3DF35424319D8C00E6F7E2 /* Faulting.storyboard */,
				1B3DF35624319D9F00E6F7E2 /* FaultingTableViewController.swift */,
			);
			path = Faulting;
			sourceTree = "<group>";
		};
		1B3DF3582432ED8700E6F7E2 /* Blob */ = {
			isa = PBXGroup;
			children = (
				1B3DF3592432ED9200E6F7E2 /* Blob.storyboard */,
				1B3DF35B2432EDDA00E6F7E2 /* BlobTableViewController.swift */,
			);
			path = Blob;
			sourceTree = "<group>";
		};
		1B3DF3612434490000E6F7E2 /* Validation */ = {
			isa = PBXGroup;
			children = (
				1B3DF3622434490E00E6F7E2 /* Validation.storyboard */,
				1B3DF3642434492D00E6F7E2 /* ValidationViewController.swift */,
			);
			path = Validation;
			sourceTree = "<group>";
		};
		1B3DF3662434872000E6F7E2 /* Relationship */ = {
			isa = PBXGroup;
			children = (
				1B3DF3672434872F00E6F7E2 /* Relationship.storyboard */,
				1B3DF3692434876B00E6F7E2 /* RDepartmentListViewController.swift */,
				1B3DF36B2434884C00E6F7E2 /* REmployeeListViewController.swift */,
				1B3DF36D243488F000E6F7E2 /* DataManger+Department.swift */,
				1B3DF36F2434896E00E6F7E2 /* DataManager+Employee.swift */,
				1B3DF37124348B9E00E6F7E2 /* RDepartmentComposerTableViewController.swift */,
			);
			path = Relationship;
			sourceTree = "<group>";
		};
		1B3DF377243592CB00E6F7E2 /* BatchProcessing */ = {
			isa = PBXGroup;
			children = (
				1B3DF378243592E200E6F7E2 /* BatchProcessing.storyboard */,
				1B3DF37A243592FF00E6F7E2 /* BatchProcessingTableViewController.swift */,
				1B3DF37C2435931000E6F7E2 /* DataManager+BatchProcessing.swift */,
			);
			path = BatchProcessing;
			sourceTree = "<group>";
		};
		1B3DF37E243710EC00E6F7E2 /* Concurrency */ = {
			isa = PBXGroup;
			children = (
				1B3DF37F2437111D00E6F7E2 /* Concurrency.storyboard */,
				1B3DF3812437114A00E6F7E2 /* ConcurrencyTopicListTableViewController.swift */,
				1B3DF38324371DAB00E6F7E2 /* DataManager+Concurrency.swift */,
				1B3DF38524371F4000E6F7E2 /* BackgroundTaskTableViewController.swift */,
				1B3DF3872437220A00E6F7E2 /* BackgroundContextTableViewController.swift */,
				1B3DF3892437271A00E6F7E2 /* ChildContextTableViewController.swift */,
			);
			path = Concurrency;
			sourceTree = "<group>";
		};
		1B55996B242B026A001A9137 /* Predicate */ = {
			isa = PBXGroup;
			children = (
				1B55996C242B029E001A9137 /* Predicate.storyboard */,
				1B55996E242B02B0001A9137 /* PredicateViewController.swift */,
			);
			path = Predicate;
			sourceTree = "<group>";
		};
		1B9C200E24249FDE00A09FD8 /* FetchRequest */ = {
			isa = PBXGroup;
			children = (
				1B9C200F2424A03900A09FD8 /* FetchRequest.storyboard */,
				1B9C20112424A13400A09FD8 /* FetchAllViewController.swift */,
				1B9C20132424A7FA00A09FD8 /* SortTableViewController.swift */,
				1B9C20152424C24B00A09FD8 /* ResultTypesViewController.swift */,
				1B90076D2428D72C00F63307 /* PagingViewController.swift */,
				1B90076F2428D9BD00F63307 /* BatchSizeTableViewController.swift */,
				1B9007712429B54000F63307 /* StoredFetchRequestTableViewController.swift */,
				1B9007732429B80D00F63307 /* FetchedPropertyTableViewController.swift */,
				1B900775242A04B400F63307 /* AsyncFetchingTableViewController.swift */,
			);
			path = FetchRequest;
			sourceTree = "<group>";
		};
		1BA5DA7A241CE2C700065C42 = {
			isa = PBXGroup;
			children = (
				1BA5DA85241CE2C700065C42 /* CoreDataStudy */,
				1BA5DA84241CE2C700065C42 /* Products */,
			);
			sourceTree = "<group>";
		};
		1BA5DA84241CE2C700065C42 /* Products */ = {
			isa = PBXGroup;
			children = (
				1BA5DA83241CE2C700065C42 /* CoreDataStudy.app */,
			);
			name = Products;
			sourceTree = "<group>";
		};
		1BA5DA85241CE2C700065C42 /* CoreDataStudy */ = {
			isa = PBXGroup;
			children = (
				1B3DF37E243710EC00E6F7E2 /* Concurrency */,
				1B3DF377243592CB00E6F7E2 /* BatchProcessing */,
				1B3DF3662434872000E6F7E2 /* Relationship */,
				1B3DF3612434490000E6F7E2 /* Validation */,
				1B3DF3582432ED8700E6F7E2 /* Blob */,
				1B3DF35324319D7E00E6F7E2 /* Faulting */,
				1B3DF34E2430821500E6F7E2 /* FetchedResultsController */,
				1BCBC8A5242DAE4B000E3D84 /* Expression */,
				1B55996B242B026A001A9137 /* Predicate */,
				1B9C200E24249FDE00A09FD8 /* FetchRequest */,
				1B3ADCED2420788F0036618F /* BatchInsert */,
				1B3ADCE6242078690036618F /* RawData */,
				1BF83AFB241DF30800E9401F /* ManagedObject */,
				1BA5DAA4241CF8CF00065C42 /* Shared */,
				1BA5DA86241CE2C700065C42 /* AppDelegate.swift */,
				1BA5DA88241CE2C700065C42 /* SceneDelegate.swift */,
				1BA5DA8A241CE2C700065C42 /* ViewController.swift */,
				1BA5DA8C241CE2C700065C42 /* Main.storyboard */,
				1BA5DA92241CE2C900065C42 /* Assets.xcassets */,
				1BA5DA94241CE2C900065C42 /* LaunchScreen.storyboard */,
				1BA5DA97241CE2C900065C42 /* Info.plist */,
				1BA5DA8F241CE2C700065C42 /* CoreDataStudy.xcdatamodeld */,
			);
			path = CoreDataStudy;
			sourceTree = "<group>";
		};
		1BA5DAA4241CF8CF00065C42 /* Shared */ = {
			isa = PBXGroup;
			children = (
				1B3DF373243499B600E6F7E2 /* EmployeeEntity+CoreDataClass.swift */,
				1B3DF374243499B600E6F7E2 /* EmployeeEntity+CoreDataProperties.swift */,
				1BF83B04241DFB8B00E9401F /* PersonEntity+CoreDataClass.swift */,
				1BA5DAA5241CF8DF00065C42 /* DataManager.swift */,
				1BA5DAA7241CFA7700065C42 /* Sample.xcdatamodeld */,
			);
			path = Shared;
			sourceTree = "<group>";
		};
		1BCBC8A5242DAE4B000E3D84 /* Expression */ = {
			isa = PBXGroup;
			children = (
				1BCBC8A6242DAE70000E3D84 /* Expression.storyboard */,
				1BCBC8A8242DAF09000E3D84 /* ExpressionViewController.swift */,
			);
			path = Expression;
			sourceTree = "<group>";
		};
		1BF83AFB241DF30800E9401F /* ManagedObject */ = {
			isa = PBXGroup;
			children = (
				1BF83AFC241DF37000E9401F /* ManagedObject.storyboard */,
				1BF83AFE241DF62000E9401F /* ManagedObjectViewController.swift */,
				1BF83B00241DF7FC00E9401F /* PersonComposeViewController.swift */,
				1BF83B02241DFA7000E9401F /* DataManager+Person.swift */,
			);
			path = ManagedObject;
			sourceTree = "<group>";
		};
/* End PBXGroup section */

/* Begin PBXNativeTarget section */
		1BA5DA82241CE2C700065C42 /* CoreDataStudy */ = {
			isa = PBXNativeTarget;
			buildConfigurationList = 1BA5DA9A241CE2C900065C42 /* Build configuration list for PBXNativeTarget "CoreDataStudy" */;
			buildPhases = (
				1BA5DA7F241CE2C700065C42 /* Sources */,
				1BA5DA80241CE2C700065C42 /* Frameworks */,
				1BA5DA81241CE2C700065C42 /* Resources */,
			);
			buildRules = (
			);
			dependencies = (
			);
			name = CoreDataStudy;
			productName = CoreDataStudy;
			productReference = 1BA5DA83241CE2C700065C42 /* CoreDataStudy.app */;
			productType = "com.apple.product-type.application";
		};
/* End PBXNativeTarget section */

/* Begin PBXProject section */
		1BA5DA7B241CE2C700065C42 /* Project object */ = {
			isa = PBXProject;
			attributes = {
				LastSwiftUpdateCheck = 1130;
				LastUpgradeCheck = 1130;
				ORGANIZATIONNAME = kjm;
				TargetAttributes = {
					1BA5DA82241CE2C700065C42 = {
						CreatedOnToolsVersion = 11.3.1;
					};
				};
			};
			buildConfigurationList = 1BA5DA7E241CE2C700065C42 /* Build configuration list for PBXProject "CoreDataStudy" */;
			compatibilityVersion = "Xcode 9.3";
			developmentRegion = en;
			hasScannedForEncodings = 0;
			knownRegions = (
				en,
				Base,
			);
			mainGroup = 1BA5DA7A241CE2C700065C42;
			productRefGroup = 1BA5DA84241CE2C700065C42 /* Products */;
			projectDirPath = "";
			projectRoot = "";
			targets = (
				1BA5DA82241CE2C700065C42 /* CoreDataStudy */,
			);
		};
/* End PBXProject section */

/* Begin PBXResourcesBuildPhase section */
		1BA5DA81241CE2C700065C42 /* Resources */ = {
			isa = PBXResourcesBuildPhase;
			buildActionMask = 2147483647;
			files = (
				1B3DF379243592E200E6F7E2 /* BatchProcessing.storyboard in Resources */,
				1B3DF35524319D8C00E6F7E2 /* Faulting.storyboard in Resources */,
				1B55996D242B029E001A9137 /* Predicate.storyboard in Resources */,
				1BA5DA96241CE2C900065C42 /* LaunchScreen.storyboard in Resources */,
				1B9C20102424A03900A09FD8 /* FetchRequest.storyboard in Resources */,
				1B3DF3802437111D00E6F7E2 /* Concurrency.storyboard in Resources */,
				1B3ADCEB242078860036618F /* department.json in Resources */,
				1BA5DA93241CE2C900065C42 /* Assets.xcassets in Resources */,
				1B3DF35A2432ED9200E6F7E2 /* Blob.storyboard in Resources */,
				1B3DF3682434872F00E6F7E2 /* Relationship.storyboard in Resources */,
				1B3ADCEF242078D00036618F /* BatchInsert.storyboard in Resources */,
				1BA5DA8E241CE2C700065C42 /* Main.storyboard in Resources */,
				1B3DF3632434490E00E6F7E2 /* Validation.storyboard in Resources */,
				1BF83AFD241DF37000E9401F /* ManagedObject.storyboard in Resources */,
				1BCBC8A7242DAE70000E3D84 /* Expression.storyboard in Resources */,
				1B3DF3502430856200E6F7E2 /* FetchedResultsController.storyboard in Resources */,
				1B3ADCEA242078860036618F /* employee.json in Resources */,
			);
			runOnlyForDeploymentPostprocessing = 0;
		};
/* End PBXResourcesBuildPhase section */

/* Begin PBXSourcesBuildPhase section */
		1BA5DA7F241CE2C700065C42 /* Sources */ = {
			isa = PBXSourcesBuildPhase;
			buildActionMask = 2147483647;
			files = (
				1B3DF37B243592FF00E6F7E2 /* BatchProcessingTableViewController.swift in Sources */,
				1B3DF376243499B600E6F7E2 /* EmployeeEntity+CoreDataProperties.swift in Sources */,
				1B3ADCF1242078E40036618F /* BatchInsertViewController.swift in Sources */,
				1B3DF38A2437271A00E6F7E2 /* ChildContextTableViewController.swift in Sources */,
				1B3DF3652434492D00E6F7E2 /* ValidationViewController.swift in Sources */,
				1BA5DA8B241CE2C700065C42 /* ViewController.swift in Sources */,
				1B3DF375243499B600E6F7E2 /* EmployeeEntity+CoreDataClass.swift in Sources */,
				1B3DF36C2434884C00E6F7E2 /* REmployeeListViewController.swift in Sources */,
				1BF83B03241DFA7000E9401F /* DataManager+Person.swift in Sources */,
				1B9007702428D9BD00F63307 /* BatchSizeTableViewController.swift in Sources */,
				1B3DF37D2435931000E6F7E2 /* DataManager+BatchProcessing.swift in Sources */,
				1B55996F242B02B0001A9137 /* PredicateViewController.swift in Sources */,
				1B3DF38424371DAB00E6F7E2 /* DataManager+Concurrency.swift in Sources */,
				1B3DF3702434896E00E6F7E2 /* DataManager+Employee.swift in Sources */,
				1B900776242A04B400F63307 /* AsyncFetchingTableViewController.swift in Sources */,
				1B3DF38624371F4000E6F7E2 /* BackgroundTaskTableViewController.swift in Sources */,
				1BA5DAA6241CF8DF00065C42 /* DataManager.swift in Sources */,
				1BA5DA87241CE2C700065C42 /* AppDelegate.swift in Sources */,
				1B3DF35724319D9F00E6F7E2 /* FaultingTableViewController.swift in Sources */,
				1B90076E2428D72C00F63307 /* PagingViewController.swift in Sources */,
				1BF83B01241DF7FC00E9401F /* PersonComposeViewController.swift in Sources */,
				1BCBC8A9242DAF09000E3D84 /* ExpressionViewController.swift in Sources */,
				1B3DF35C2432EDDA00E6F7E2 /* BlobTableViewController.swift in Sources */,
				1BF83B06241DFB8B00E9401F /* PersonEntity+CoreDataClass.swift in Sources */,
				1B3DF36A2434876B00E6F7E2 /* RDepartmentListViewController.swift in Sources */,
				1B3DF352243085D400E6F7E2 /* FetchedResultsControllerTableViewController.swift in Sources */,
				1B9C20122424A13400A09FD8 /* FetchAllViewController.swift in Sources */,
				1B3ADCF324207A790036618F /* DataManager+BatchInsert.swift in Sources */,
				1BA5DAA9241CFA7700065C42 /* Sample.xcdatamodeld in Sources */,
				1B3ADCEC242078860036618F /* RawData.swift in Sources */,
				1B9C20142424A7FA00A09FD8 /* SortTableViewController.swift in Sources */,
				1B9007742429B80D00F63307 /* FetchedPropertyTableViewController.swift in Sources */,
				1B9007722429B54000F63307 /* StoredFetchRequestTableViewController.swift in Sources */,
				1BA5DA91241CE2C700065C42 /* CoreDataStudy.xcdatamodeld in Sources */,
				1B3DF3882437220A00E6F7E2 /* BackgroundContextTableViewController.swift in Sources */,
				1B9C20162424C24B00A09FD8 /* ResultTypesViewController.swift in Sources */,
				1B3DF3822437114A00E6F7E2 /* ConcurrencyTopicListTableViewController.swift in Sources */,
				1B3DF37224348B9E00E6F7E2 /* RDepartmentComposerTableViewController.swift in Sources */,
				1BF83AFF241DF62000E9401F /* ManagedObjectViewController.swift in Sources */,
				1BA5DA89241CE2C700065C42 /* SceneDelegate.swift in Sources */,
				1B3DF36E243488F000E6F7E2 /* DataManger+Department.swift in Sources */,
			);
			runOnlyForDeploymentPostprocessing = 0;
		};
/* End PBXSourcesBuildPhase section */

/* Begin PBXVariantGroup section */
		1BA5DA8C241CE2C700065C42 /* Main.storyboard */ = {
			isa = PBXVariantGroup;
			children = (
				1BA5DA8D241CE2C700065C42 /* Base */,
			);
			name = Main.storyboard;
			sourceTree = "<group>";
		};
		1BA5DA94241CE2C900065C42 /* LaunchScreen.storyboard */ = {
			isa = PBXVariantGroup;
			children = (
				1BA5DA95241CE2C900065C42 /* Base */,
			);
			name = LaunchScreen.storyboard;
			sourceTree = "<group>";
		};
/* End PBXVariantGroup section */

/* Begin XCBuildConfiguration section */
		1BA5DA98241CE2C900065C42 /* Debug */ = {
			isa = XCBuildConfiguration;
			buildSettings = {
				ALWAYS_SEARCH_USER_PATHS = NO;
				CLANG_ANALYZER_NONNULL = YES;
				CLANG_ANALYZER_NUMBER_OBJECT_CONVERSION = YES_AGGRESSIVE;
				CLANG_CXX_LANGUAGE_STANDARD = "gnu++14";
				CLANG_CXX_LIBRARY = "libc++";
				CLANG_ENABLE_MODULES = YES;
				CLANG_ENABLE_OBJC_ARC = YES;
				CLANG_ENABLE_OBJC_WEAK = YES;
				CLANG_WARN_BLOCK_CAPTURE_AUTORELEASING = YES;
				CLANG_WARN_BOOL_CONVERSION = YES;
				CLANG_WARN_COMMA = YES;
				CLANG_WARN_CONSTANT_CONVERSION = YES;
				CLANG_WARN_DEPRECATED_OBJC_IMPLEMENTATIONS = YES;
				CLANG_WARN_DIRECT_OBJC_ISA_USAGE = YES_ERROR;
				CLANG_WARN_DOCUMENTATION_COMMENTS = YES;
				CLANG_WARN_EMPTY_BODY = YES;
				CLANG_WARN_ENUM_CONVERSION = YES;
				CLANG_WARN_INFINITE_RECURSION = YES;
				CLANG_WARN_INT_CONVERSION = YES;
				CLANG_WARN_NON_LITERAL_NULL_CONVERSION = YES;
				CLANG_WARN_OBJC_IMPLICIT_RETAIN_SELF = YES;
				CLANG_WARN_OBJC_LITERAL_CONVERSION = YES;
				CLANG_WARN_OBJC_ROOT_CLASS = YES_ERROR;
				CLANG_WARN_RANGE_LOOP_ANALYSIS = YES;
				CLANG_WARN_STRICT_PROTOTYPES = YES;
				CLANG_WARN_SUSPICIOUS_MOVE = YES;
				CLANG_WARN_UNGUARDED_AVAILABILITY = YES_AGGRESSIVE;
				CLANG_WARN_UNREACHABLE_CODE = YES;
				CLANG_WARN__DUPLICATE_METHOD_MATCH = YES;
				COPY_PHASE_STRIP = NO;
				DEBUG_INFORMATION_FORMAT = dwarf;
				ENABLE_STRICT_OBJC_MSGSEND = YES;
				ENABLE_TESTABILITY = YES;
				GCC_C_LANGUAGE_STANDARD = gnu11;
				GCC_DYNAMIC_NO_PIC = NO;
				GCC_NO_COMMON_BLOCKS = YES;
				GCC_OPTIMIZATION_LEVEL = 0;
				GCC_PREPROCESSOR_DEFINITIONS = (
					"DEBUG=1",
					"$(inherited)",
				);
				GCC_WARN_64_TO_32_BIT_CONVERSION = YES;
				GCC_WARN_ABOUT_RETURN_TYPE = YES_ERROR;
				GCC_WARN_UNDECLARED_SELECTOR = YES;
				GCC_WARN_UNINITIALIZED_AUTOS = YES_AGGRESSIVE;
				GCC_WARN_UNUSED_FUNCTION = YES;
				GCC_WARN_UNUSED_VARIABLE = YES;
				IPHONEOS_DEPLOYMENT_TARGET = 13.2;
				MTL_ENABLE_DEBUG_INFO = INCLUDE_SOURCE;
				MTL_FAST_MATH = YES;
				ONLY_ACTIVE_ARCH = YES;
				SDKROOT = iphoneos;
				SWIFT_ACTIVE_COMPILATION_CONDITIONS = DEBUG;
				SWIFT_OPTIMIZATION_LEVEL = "-Onone";
			};
			name = Debug;
		};
		1BA5DA99241CE2C900065C42 /* Release */ = {
			isa = XCBuildConfiguration;
			buildSettings = {
				ALWAYS_SEARCH_USER_PATHS = NO;
				CLANG_ANALYZER_NONNULL = YES;
				CLANG_ANALYZER_NUMBER_OBJECT_CONVERSION = YES_AGGRESSIVE;
				CLANG_CXX_LANGUAGE_STANDARD = "gnu++14";
				CLANG_CXX_LIBRARY = "libc++";
				CLANG_ENABLE_MODULES = YES;
				CLANG_ENABLE_OBJC_ARC = YES;
				CLANG_ENABLE_OBJC_WEAK = YES;
				CLANG_WARN_BLOCK_CAPTURE_AUTORELEASING = YES;
				CLANG_WARN_BOOL_CONVERSION = YES;
				CLANG_WARN_COMMA = YES;
				CLANG_WARN_CONSTANT_CONVERSION = YES;
				CLANG_WARN_DEPRECATED_OBJC_IMPLEMENTATIONS = YES;
				CLANG_WARN_DIRECT_OBJC_ISA_USAGE = YES_ERROR;
				CLANG_WARN_DOCUMENTATION_COMMENTS = YES;
				CLANG_WARN_EMPTY_BODY = YES;
				CLANG_WARN_ENUM_CONVERSION = YES;
				CLANG_WARN_INFINITE_RECURSION = YES;
				CLANG_WARN_INT_CONVERSION = YES;
				CLANG_WARN_NON_LITERAL_NULL_CONVERSION = YES;
				CLANG_WARN_OBJC_IMPLICIT_RETAIN_SELF = YES;
				CLANG_WARN_OBJC_LITERAL_CONVERSION = YES;
				CLANG_WARN_OBJC_ROOT_CLASS = YES_ERROR;
				CLANG_WARN_RANGE_LOOP_ANALYSIS = YES;
				CLANG_WARN_STRICT_PROTOTYPES = YES;
				CLANG_WARN_SUSPICIOUS_MOVE = YES;
				CLANG_WARN_UNGUARDED_AVAILABILITY = YES_AGGRESSIVE;
				CLANG_WARN_UNREACHABLE_CODE = YES;
				CLANG_WARN__DUPLICATE_METHOD_MATCH = YES;
				COPY_PHASE_STRIP = NO;
				DEBUG_INFORMATION_FORMAT = "dwarf-with-dsym";
				ENABLE_NS_ASSERTIONS = NO;
				ENABLE_STRICT_OBJC_MSGSEND = YES;
				GCC_C_LANGUAGE_STANDARD = gnu11;
				GCC_NO_COMMON_BLOCKS = YES;
				GCC_WARN_64_TO_32_BIT_CONVERSION = YES;
				GCC_WARN_ABOUT_RETURN_TYPE = YES_ERROR;
				GCC_WARN_UNDECLARED_SELECTOR = YES;
				GCC_WARN_UNINITIALIZED_AUTOS = YES_AGGRESSIVE;
				GCC_WARN_UNUSED_FUNCTION = YES;
				GCC_WARN_UNUSED_VARIABLE = YES;
				IPHONEOS_DEPLOYMENT_TARGET = 13.2;
				MTL_ENABLE_DEBUG_INFO = NO;
				MTL_FAST_MATH = YES;
				SDKROOT = iphoneos;
				SWIFT_COMPILATION_MODE = wholemodule;
				SWIFT_OPTIMIZATION_LEVEL = "-O";
				VALIDATE_PRODUCT = YES;
			};
			name = Release;
		};
		1BA5DA9B241CE2C900065C42 /* Debug */ = {
			isa = XCBuildConfiguration;
			buildSettings = {
				ASSETCATALOG_COMPILER_APPICON_NAME = AppIcon;
				CODE_SIGN_STYLE = Automatic;
				INFOPLIST_FILE = CoreDataStudy/Info.plist;
				LD_RUNPATH_SEARCH_PATHS = (
					"$(inherited)",
					"@executable_path/Frameworks",
				);
				PRODUCT_BUNDLE_IDENTIFIER = com.kjm.CoreDataStudy;
				PRODUCT_NAME = "$(TARGET_NAME)";
				SWIFT_VERSION = 5.0;
				TARGETED_DEVICE_FAMILY = "1,2";
			};
			name = Debug;
		};
		1BA5DA9C241CE2C900065C42 /* Release */ = {
			isa = XCBuildConfiguration;
			buildSettings = {
				ASSETCATALOG_COMPILER_APPICON_NAME = AppIcon;
				CODE_SIGN_STYLE = Automatic;
				INFOPLIST_FILE = CoreDataStudy/Info.plist;
				LD_RUNPATH_SEARCH_PATHS = (
					"$(inherited)",
					"@executable_path/Frameworks",
				);
				PRODUCT_BUNDLE_IDENTIFIER = com.kjm.CoreDataStudy;
				PRODUCT_NAME = "$(TARGET_NAME)";
				SWIFT_VERSION = 5.0;
				TARGETED_DEVICE_FAMILY = "1,2";
			};
			name = Release;
		};
/* End XCBuildConfiguration section */

/* Begin XCConfigurationList section */
		1BA5DA7E241CE2C700065C42 /* Build configuration list for PBXProject "CoreDataStudy" */ = {
			isa = XCConfigurationList;
			buildConfigurations = (
				1BA5DA98241CE2C900065C42 /* Debug */,
				1BA5DA99241CE2C900065C42 /* Release */,
			);
			defaultConfigurationIsVisible = 0;
			defaultConfigurationName = Release;
		};
		1BA5DA9A241CE2C900065C42 /* Build configuration list for PBXNativeTarget "CoreDataStudy" */ = {
			isa = XCConfigurationList;
			buildConfigurations = (
				1BA5DA9B241CE2C900065C42 /* Debug */,
				1BA5DA9C241CE2C900065C42 /* Release */,
			);
			defaultConfigurationIsVisible = 0;
			defaultConfigurationName = Release;
		};
/* End XCConfigurationList section */

/* Begin XCVersionGroup section */
		1BA5DA8F241CE2C700065C42 /* CoreDataStudy.xcdatamodeld */ = {
			isa = XCVersionGroup;
			children = (
				1BA5DA90241CE2C700065C42 /* CoreDataStudy.xcdatamodel */,
			);
			currentVersion = 1BA5DA90241CE2C700065C42 /* CoreDataStudy.xcdatamodel */;
			path = CoreDataStudy.xcdatamodeld;
			sourceTree = "<group>";
			versionGroupType = wrapper.xcdatamodel;
		};
		1BA5DAA7241CFA7700065C42 /* Sample.xcdatamodeld */ = {
			isa = XCVersionGroup;
			children = (
				1BA5DAA8241CFA7700065C42 /* Sample.xcdatamodel */,
			);
			currentVersion = 1BA5DAA8241CFA7700065C42 /* Sample.xcdatamodel */;
			path = Sample.xcdatamodeld;
			sourceTree = "<group>";
			versionGroupType = wrapper.xcdatamodel;
		};
/* End XCVersionGroup section */
	};
	rootObject = 1BA5DA7B241CE2C700065C42 /* Project object */;
}
